// !$*UTF8*$!
{
	archiveVersion = 1;
	classes = {
	};
	objectVersion = 50;
	objects = {

/* Begin PBXBuildFile section */
		7510CC4E24D2F06F000FAC69 /* AppDelegate.swift in Sources */ = {isa = PBXBuildFile; fileRef = 7510CC4D24D2F06F000FAC69 /* AppDelegate.swift */; };
		7510CC5024D2F06F000FAC69 /* SceneDelegate.swift in Sources */ = {isa = PBXBuildFile; fileRef = 7510CC4F24D2F06F000FAC69 /* SceneDelegate.swift */; };
		7510CC5524D2F06F000FAC69 /* Main.storyboard in Resources */ = {isa = PBXBuildFile; fileRef = 7510CC5324D2F06F000FAC69 /* Main.storyboard */; };
		7510CC5724D2F071000FAC69 /* Assets.xcassets in Resources */ = {isa = PBXBuildFile; fileRef = 7510CC5624D2F071000FAC69 /* Assets.xcassets */; };
		7510CC5A24D2F071000FAC69 /* LaunchScreen.storyboard in Resources */ = {isa = PBXBuildFile; fileRef = 7510CC5824D2F071000FAC69 /* LaunchScreen.storyboard */; };
		7510CC6524D2F071000FAC69 /* SamsTakeHomeTests.swift in Sources */ = {isa = PBXBuildFile; fileRef = 7510CC6424D2F071000FAC69 /* SamsTakeHomeTests.swift */; };
		7510CC7124D2F450000FAC69 /* MainViewController.swift in Sources */ = {isa = PBXBuildFile; fileRef = 7510CC7024D2F450000FAC69 /* MainViewController.swift */; };
		7510CC7324D2F48F000FAC69 /* DisplayViewController.swift in Sources */ = {isa = PBXBuildFile; fileRef = 7510CC7224D2F48F000FAC69 /* DisplayViewController.swift */; };
		752B733024D8C8F2007352F6 /* ArticleModel.swift in Sources */ = {isa = PBXBuildFile; fileRef = 752B732F24D8C8F2007352F6 /* ArticleModel.swift */; };
		7570CC5B24D74F0100964292 /* ArticleCell.swift in Sources */ = {isa = PBXBuildFile; fileRef = 7570CC5A24D74F0100964292 /* ArticleCell.swift */; };
		7570CC5D24D8B97400964292 /* ArticleService.swift in Sources */ = {isa = PBXBuildFile; fileRef = 7570CC5C24D8B97400964292 /* ArticleService.swift */; };
/* End PBXBuildFile section */

/* Begin PBXContainerItemProxy section */
		7510CC6124D2F071000FAC69 /* PBXContainerItemProxy */ = {
			isa = PBXContainerItemProxy;
			containerPortal = 7510CC4224D2F06F000FAC69 /* Project object */;
			proxyType = 1;
			remoteGlobalIDString = 7510CC4924D2F06F000FAC69;
			remoteInfo = SamsTakeHome;
		};
/* End PBXContainerItemProxy section */

/* Begin PBXFileReference section */
		7510CC4A24D2F06F000FAC69 /* SamsTakeHome.app */ = {isa = PBXFileReference; explicitFileType = wrapper.application; includeInIndex = 0; path = SamsTakeHome.app; sourceTree = BUILT_PRODUCTS_DIR; };
		7510CC4D24D2F06F000FAC69 /* AppDelegate.swift */ = {isa = PBXFileReference; lastKnownFileType = sourcecode.swift; path = AppDelegate.swift; sourceTree = "<group>"; };
		7510CC4F24D2F06F000FAC69 /* SceneDelegate.swift */ = {isa = PBXFileReference; lastKnownFileType = sourcecode.swift; path = SceneDelegate.swift; sourceTree = "<group>"; };
		7510CC5424D2F06F000FAC69 /* Base */ = {isa = PBXFileReference; lastKnownFileType = file.storyboard; name = Base; path = Base.lproj/Main.storyboard; sourceTree = "<group>"; };
		7510CC5624D2F071000FAC69 /* Assets.xcassets */ = {isa = PBXFileReference; lastKnownFileType = folder.assetcatalog; path = Assets.xcassets; sourceTree = "<group>"; };
		7510CC5924D2F071000FAC69 /* Base */ = {isa = PBXFileReference; lastKnownFileType = file.storyboard; name = Base; path = Base.lproj/LaunchScreen.storyboard; sourceTree = "<group>"; };
		7510CC5B24D2F071000FAC69 /* Info.plist */ = {isa = PBXFileReference; lastKnownFileType = text.plist.xml; path = Info.plist; sourceTree = "<group>"; };
		7510CC6024D2F071000FAC69 /* SamsTakeHomeTests.xctest */ = {isa = PBXFileReference; explicitFileType = wrapper.cfbundle; includeInIndex = 0; path = SamsTakeHomeTests.xctest; sourceTree = BUILT_PRODUCTS_DIR; };
		7510CC6424D2F071000FAC69 /* SamsTakeHomeTests.swift */ = {isa = PBXFileReference; lastKnownFileType = sourcecode.swift; path = SamsTakeHomeTests.swift; sourceTree = "<group>"; };
		7510CC6624D2F071000FAC69 /* Info.plist */ = {isa = PBXFileReference; lastKnownFileType = text.plist.xml; path = Info.plist; sourceTree = "<group>"; };
		7510CC7024D2F450000FAC69 /* MainViewController.swift */ = {isa = PBXFileReference; lastKnownFileType = sourcecode.swift; path = MainViewController.swift; sourceTree = "<group>"; };
		7510CC7224D2F48F000FAC69 /* DisplayViewController.swift */ = {isa = PBXFileReference; lastKnownFileType = sourcecode.swift; path = DisplayViewController.swift; sourceTree = "<group>"; };
		752B732F24D8C8F2007352F6 /* ArticleModel.swift */ = {isa = PBXFileReference; lastKnownFileType = sourcecode.swift; path = ArticleModel.swift; sourceTree = "<group>"; };
		7570CC5A24D74F0100964292 /* ArticleCell.swift */ = {isa = PBXFileReference; lastKnownFileType = sourcecode.swift; path = ArticleCell.swift; sourceTree = "<group>"; };
		7570CC5C24D8B97400964292 /* ArticleService.swift */ = {isa = PBXFileReference; lastKnownFileType = sourcecode.swift; path = ArticleService.swift; sourceTree = "<group>"; };
/* End PBXFileReference section */

/* Begin PBXFrameworksBuildPhase section */
		7510CC4724D2F06F000FAC69 /* Frameworks */ = {
			isa = PBXFrameworksBuildPhase;
			buildActionMask = 2147483647;
			files = (
			);
			runOnlyForDeploymentPostprocessing = 0;
		};
		7510CC5D24D2F071000FAC69 /* Frameworks */ = {
			isa = PBXFrameworksBuildPhase;
			buildActionMask = 2147483647;
			files = (
			);
			runOnlyForDeploymentPostprocessing = 0;
		};
/* End PBXFrameworksBuildPhase section */

/* Begin PBXGroup section */
		7510CC4124D2F06F000FAC69 = {
			isa = PBXGroup;
			children = (
				7510CC4C24D2F06F000FAC69 /* SamsTakeHome */,
				7510CC6324D2F071000FAC69 /* SamsTakeHomeTests */,
				7510CC4B24D2F06F000FAC69 /* Products */,
			);
			sourceTree = "<group>";
		};
		7510CC4B24D2F06F000FAC69 /* Products */ = {
			isa = PBXGroup;
			children = (
				7510CC4A24D2F06F000FAC69 /* SamsTakeHome.app */,
				7510CC6024D2F071000FAC69 /* SamsTakeHomeTests.xctest */,
			);
			name = Products;
			sourceTree = "<group>";
		};
		7510CC4C24D2F06F000FAC69 /* SamsTakeHome */ = {
			isa = PBXGroup;
			children = (
				7510CC6F24D2F427000FAC69 /* View Controllers */,
				752B733124D8D024007352F6 /* Service */,
				752B733224D8D03A007352F6 /* Model */,
				752B733324D8D051007352F6 /* View */,
				752B733424D8D079007352F6 /* SetupDelegates */,
				7510CC5B24D2F071000FAC69 /* Info.plist */,
			);
			path = SamsTakeHome;
			sourceTree = "<group>";
		};
		7510CC6324D2F071000FAC69 /* SamsTakeHomeTests */ = {
			isa = PBXGroup;
			children = (
				7510CC6424D2F071000FAC69 /* SamsTakeHomeTests.swift */,
				7510CC6624D2F071000FAC69 /* Info.plist */,
			);
			path = SamsTakeHomeTests;
			sourceTree = "<group>";
		};
		7510CC6F24D2F427000FAC69 /* View Controllers */ = {
			isa = PBXGroup;
			children = (
				7510CC7024D2F450000FAC69 /* MainViewController.swift */,
				7510CC7224D2F48F000FAC69 /* DisplayViewController.swift */,
			);
			path = "View Controllers";
			sourceTree = "<group>";
		};
		752B733124D8D024007352F6 /* Service */ = {
			isa = PBXGroup;
			children = (
				7570CC5C24D8B97400964292 /* ArticleService.swift */,
			);
			path = Service;
			sourceTree = "<group>";
		};
		752B733224D8D03A007352F6 /* Model */ = {
			isa = PBXGroup;
			children = (
				752B732F24D8C8F2007352F6 /* ArticleModel.swift */,
			);
			path = Model;
			sourceTree = "<group>";
		};
		752B733324D8D051007352F6 /* View */ = {
			isa = PBXGroup;
			children = (
				7570CC5A24D74F0100964292 /* ArticleCell.swift */,
				7510CC5624D2F071000FAC69 /* Assets.xcassets */,
				7510CC5824D2F071000FAC69 /* LaunchScreen.storyboard */,
				7510CC5324D2F06F000FAC69 /* Main.storyboard */,
			);
			path = View;
			sourceTree = "<group>";
		};
		752B733424D8D079007352F6 /* SetupDelegates */ = {
			isa = PBXGroup;
			children = (
				7510CC4D24D2F06F000FAC69 /* AppDelegate.swift */,
				7510CC4F24D2F06F000FAC69 /* SceneDelegate.swift */,
			);
			path = SetupDelegates;
			sourceTree = "<group>";
		};
/* End PBXGroup section */

/* Begin PBXNativeTarget section */
		7510CC4924D2F06F000FAC69 /* SamsTakeHome */ = {
			isa = PBXNativeTarget;
			buildConfigurationList = 7510CC6924D2F071000FAC69 /* Build configuration list for PBXNativeTarget "SamsTakeHome" */;
			buildPhases = (
				7510CC4624D2F06F000FAC69 /* Sources */,
				7510CC4724D2F06F000FAC69 /* Frameworks */,
				7510CC4824D2F06F000FAC69 /* Resources */,
			);
			buildRules = (
			);
			dependencies = (
			);
			name = SamsTakeHome;
			productName = SamsTakeHome;
			productReference = 7510CC4A24D2F06F000FAC69 /* SamsTakeHome.app */;
			productType = "com.apple.product-type.application";
		};
		7510CC5F24D2F071000FAC69 /* SamsTakeHomeTests */ = {
			isa = PBXNativeTarget;
			buildConfigurationList = 7510CC6C24D2F071000FAC69 /* Build configuration list for PBXNativeTarget "SamsTakeHomeTests" */;
			buildPhases = (
				7510CC5C24D2F071000FAC69 /* Sources */,
				7510CC5D24D2F071000FAC69 /* Frameworks */,
				7510CC5E24D2F071000FAC69 /* Resources */,
			);
			buildRules = (
			);
			dependencies = (
				7510CC6224D2F071000FAC69 /* PBXTargetDependency */,
			);
			name = SamsTakeHomeTests;
			productName = SamsTakeHomeTests;
			productReference = 7510CC6024D2F071000FAC69 /* SamsTakeHomeTests.xctest */;
			productType = "com.apple.product-type.bundle.unit-test";
		};
/* End PBXNativeTarget section */

/* Begin PBXProject section */
		7510CC4224D2F06F000FAC69 /* Project object */ = {
			isa = PBXProject;
			attributes = {
				LastSwiftUpdateCheck = 1120;
				LastUpgradeCheck = 1120;
				ORGANIZATIONNAME = Mac;
				TargetAttributes = {
					7510CC4924D2F06F000FAC69 = {
						CreatedOnToolsVersion = 11.2.1;
					};
					7510CC5F24D2F071000FAC69 = {
						CreatedOnToolsVersion = 11.2.1;
						TestTargetID = 7510CC4924D2F06F000FAC69;
					};
				};
			};
			buildConfigurationList = 7510CC4524D2F06F000FAC69 /* Build configuration list for PBXProject "SamsTakeHome" */;
			compatibilityVersion = "Xcode 9.3";
			developmentRegion = en;
			hasScannedForEncodings = 0;
			knownRegions = (
				en,
				Base,
			);
			mainGroup = 7510CC4124D2F06F000FAC69;
			productRefGroup = 7510CC4B24D2F06F000FAC69 /* Products */;
			projectDirPath = "";
			projectRoot = "";
			targets = (
				7510CC4924D2F06F000FAC69 /* SamsTakeHome */,
				7510CC5F24D2F071000FAC69 /* SamsTakeHomeTests */,
			);
		};
/* End PBXProject section */

/* Begin PBXResourcesBuildPhase section */
		7510CC4824D2F06F000FAC69 /* Resources */ = {
			isa = PBXResourcesBuildPhase;
			buildActionMask = 2147483647;
			files = (
				7510CC5A24D2F071000FAC69 /* LaunchScreen.storyboard in Resources */,
				7510CC5724D2F071000FAC69 /* Assets.xcassets in Resources */,
				7510CC5524D2F06F000FAC69 /* Main.storyboard in Resources */,
			);
			runOnlyForDeploymentPostprocessing = 0;
		};
		7510CC5E24D2F071000FAC69 /* Resources */ = {
			isa = PBXResourcesBuildPhase;
			buildActionMask = 2147483647;
			files = (
			);
			runOnlyForDeploymentPostprocessing = 0;
		};
/* End PBXResourcesBuildPhase section */

/* Begin PBXSourcesBuildPhase section */
		7510CC4624D2F06F000FAC69 /* Sources */ = {
			isa = PBXSourcesBuildPhase;
			buildActionMask = 2147483647;
			files = (
				7510CC7324D2F48F000FAC69 /* DisplayViewController.swift in Sources */,
				7570CC5B24D74F0100964292 /* ArticleCell.swift in Sources */,
				7510CC4E24D2F06F000FAC69 /* AppDelegate.swift in Sources */,
				7510CC5024D2F06F000FAC69 /* SceneDelegate.swift in Sources */,
				7510CC7124D2F450000FAC69 /* MainViewController.swift in Sources */,
				752B733024D8C8F2007352F6 /* ArticleModel.swift in Sources */,
				7570CC5D24D8B97400964292 /* ArticleService.swift in Sources */,
			);
			runOnlyForDeploymentPostprocessing = 0;
		};
		7510CC5C24D2F071000FAC69 /* Sources */ = {
			isa = PBXSourcesBuildPhase;
			buildActionMask = 2147483647;
			files = (
				7510CC6524D2F071000FAC69 /* SamsTakeHomeTests.swift in Sources */,
			);
			runOnlyForDeploymentPostprocessing = 0;
		};
/* End PBXSourcesBuildPhase section */

/* Begin PBXTargetDependency section */
		7510CC6224D2F071000FAC69 /* PBXTargetDependency */ = {
			isa = PBXTargetDependency;
			target = 7510CC4924D2F06F000FAC69 /* SamsTakeHome */;
			targetProxy = 7510CC6124D2F071000FAC69 /* PBXContainerItemProxy */;
		};
/* End PBXTargetDependency section */

/* Begin PBXVariantGroup section */
		7510CC5324D2F06F000FAC69 /* Main.storyboard */ = {
			isa = PBXVariantGroup;
			children = (
				7510CC5424D2F06F000FAC69 /* Base */,
			);
			name = Main.storyboard;
			sourceTree = "<group>";
		};
		7510CC5824D2F071000FAC69 /* LaunchScreen.storyboard */ = {
			isa = PBXVariantGroup;
			children = (
				7510CC5924D2F071000FAC69 /* Base */,
			);
			name = LaunchScreen.storyboard;
			sourceTree = "<group>";
		};
/* End PBXVariantGroup section */

/* Begin XCBuildConfiguration section */
		7510CC6724D2F071000FAC69 /* Debug */ = {
			isa = XCBuildConfiguration;
			buildSettings = {
				ALWAYS_SEARCH_USER_PATHS = NO;
				CLANG_ANALYZER_NONNULL = YES;
				CLANG_ANALYZER_NUMBER_OBJECT_CONVERSION = YES_AGGRESSIVE;
				CLANG_CXX_LANGUAGE_STANDARD = "gnu++14";
				CLANG_CXX_LIBRARY = "libc++";
				CLANG_ENABLE_MODULES = YES;
				CLANG_ENABLE_OBJC_ARC = YES;
				CLANG_ENABLE_OBJC_WEAK = YES;
				CLANG_WARN_BLOCK_CAPTURE_AUTORELEASING = YES;
				CLANG_WARN_BOOL_CONVERSION = YES;
				CLANG_WARN_COMMA = YES;
				CLANG_WARN_CONSTANT_CONVERSION = YES;
				CLANG_WARN_DEPRECATED_OBJC_IMPLEMENTATIONS = YES;
				CLANG_WARN_DIRECT_OBJC_ISA_USAGE = YES_ERROR;
				CLANG_WARN_DOCUMENTATION_COMMENTS = YES;
				CLANG_WARN_EMPTY_BODY = YES;
				CLANG_WARN_ENUM_CONVERSION = YES;
				CLANG_WARN_INFINITE_RECURSION = YES;
				CLANG_WARN_INT_CONVERSION = YES;
				CLANG_WARN_NON_LITERAL_NULL_CONVERSION = YES;
				CLANG_WARN_OBJC_IMPLICIT_RETAIN_SELF = YES;
				CLANG_WARN_OBJC_LITERAL_CONVERSION = YES;
				CLANG_WARN_OBJC_ROOT_CLASS = YES_ERROR;
				CLANG_WARN_RANGE_LOOP_ANALYSIS = YES;
				CLANG_WARN_STRICT_PROTOTYPES = YES;
				CLANG_WARN_SUSPICIOUS_MOVE = YES;
				CLANG_WARN_UNGUARDED_AVAILABILITY = YES_AGGRESSIVE;
				CLANG_WARN_UNREACHABLE_CODE = YES;
				CLANG_WARN__DUPLICATE_METHOD_MATCH = YES;
				COPY_PHASE_STRIP = NO;
				DEBUG_INFORMATION_FORMAT = dwarf;
				ENABLE_STRICT_OBJC_MSGSEND = YES;
				ENABLE_TESTABILITY = YES;
				GCC_C_LANGUAGE_STANDARD = gnu11;
				GCC_DYNAMIC_NO_PIC = NO;
				GCC_NO_COMMON_BLOCKS = YES;
				GCC_OPTIMIZATION_LEVEL = 0;
				GCC_PREPROCESSOR_DEFINITIONS = (
					"DEBUG=1",
					"$(inherited)",
				);
				GCC_WARN_64_TO_32_BIT_CONVERSION = YES;
				GCC_WARN_ABOUT_RETURN_TYPE = YES_ERROR;
				GCC_WARN_UNDECLARED_SELECTOR = YES;
				GCC_WARN_UNINITIALIZED_AUTOS = YES_AGGRESSIVE;
				GCC_WARN_UNUSED_FUNCTION = YES;
				GCC_WARN_UNUSED_VARIABLE = YES;
				IPHONEOS_DEPLOYMENT_TARGET = 13.2;
				MTL_ENABLE_DEBUG_INFO = INCLUDE_SOURCE;
				MTL_FAST_MATH = YES;
				ONLY_ACTIVE_ARCH = YES;
				SDKROOT = iphoneos;
				SWIFT_ACTIVE_COMPILATION_CONDITIONS = DEBUG;
				SWIFT_OPTIMIZATION_LEVEL = "-Onone";
			};
			name = Debug;
		};
		7510CC6824D2F071000FAC69 /* Release */ = {
			isa = XCBuildConfiguration;
			buildSettings = {
				ALWAYS_SEARCH_USER_PATHS = NO;
				CLANG_ANALYZER_NONNULL = YES;
				CLANG_ANALYZER_NUMBER_OBJECT_CONVERSION = YES_AGGRESSIVE;
				CLANG_CXX_LANGUAGE_STANDARD = "gnu++14";
				CLANG_CXX_LIBRARY = "libc++";
				CLANG_ENABLE_MODULES = YES;
				CLANG_ENABLE_OBJC_ARC = YES;
				CLANG_ENABLE_OBJC_WEAK = YES;
				CLANG_WARN_BLOCK_CAPTURE_AUTORELEASING = YES;
				CLANG_WARN_BOOL_CONVERSION = YES;
				CLANG_WARN_COMMA = YES;
				CLANG_WARN_CONSTANT_CONVERSION = YES;
				CLANG_WARN_DEPRECATED_OBJC_IMPLEMENTATIONS = YES;
				CLANG_WARN_DIRECT_OBJC_ISA_USAGE = YES_ERROR;
				CLANG_WARN_DOCUMENTATION_COMMENTS = YES;
				CLANG_WARN_EMPTY_BODY = YES;
				CLANG_WARN_ENUM_CONVERSION = YES;
				CLANG_WARN_INFINITE_RECURSION = YES;
				CLANG_WARN_INT_CONVERSION = YES;
				CLANG_WARN_NON_LITERAL_NULL_CONVERSION = YES;
				CLANG_WARN_OBJC_IMPLICIT_RETAIN_SELF = YES;
				CLANG_WARN_OBJC_LITERAL_CONVERSION = YES;
				CLANG_WARN_OBJC_ROOT_CLASS = YES_ERROR;
				CLANG_WARN_RANGE_LOOP_ANALYSIS = YES;
				CLANG_WARN_STRICT_PROTOTYPES = YES;
				CLANG_WARN_SUSPICIOUS_MOVE = YES;
				CLANG_WARN_UNGUARDED_AVAILABILITY = YES_AGGRESSIVE;
				CLANG_WARN_UNREACHABLE_CODE = YES;
				CLANG_WARN__DUPLICATE_METHOD_MATCH = YES;
				COPY_PHASE_STRIP = NO;
				DEBUG_INFORMATION_FORMAT = "dwarf-with-dsym";
				ENABLE_NS_ASSERTIONS = NO;
				ENABLE_STRICT_OBJC_MSGSEND = YES;
				GCC_C_LANGUAGE_STANDARD = gnu11;
				GCC_NO_COMMON_BLOCKS = YES;
				GCC_WARN_64_TO_32_BIT_CONVERSION = YES;
				GCC_WARN_ABOUT_RETURN_TYPE = YES_ERROR;
				GCC_WARN_UNDECLARED_SELECTOR = YES;
				GCC_WARN_UNINITIALIZED_AUTOS = YES_AGGRESSIVE;
				GCC_WARN_UNUSED_FUNCTION = YES;
				GCC_WARN_UNUSED_VARIABLE = YES;
				IPHONEOS_DEPLOYMENT_TARGET = 13.2;
				MTL_ENABLE_DEBUG_INFO = NO;
				MTL_FAST_MATH = YES;
				SDKROOT = iphoneos;
				SWIFT_COMPILATION_MODE = wholemodule;
				SWIFT_OPTIMIZATION_LEVEL = "-O";
				VALIDATE_PRODUCT = YES;
			};
			name = Release;
		};
		7510CC6A24D2F071000FAC69 /* Debug */ = {
			isa = XCBuildConfiguration;
			buildSettings = {
				ASSETCATALOG_COMPILER_APPICON_NAME = AppIcon;
				CODE_SIGN_STYLE = Automatic;
				INFOPLIST_FILE = SamsTakeHome/Info.plist;
				LD_RUNPATH_SEARCH_PATHS = (
					"$(inherited)",
					"@executable_path/Frameworks",
				);
				PRODUCT_BUNDLE_IDENTIFIER = mac.SamsTakeHome;
				PRODUCT_NAME = "$(TARGET_NAME)";
				SWIFT_VERSION = 5.0;
				TARGETED_DEVICE_FAMILY = "1,2";
			};
			name = Debug;
		};
		7510CC6B24D2F071000FAC69 /* Release */ = {
			isa = XCBuildConfiguration;
			buildSettings = {
				ASSETCATALOG_COMPILER_APPICON_NAME = AppIcon;
				CODE_SIGN_STYLE = Automatic;
				INFOPLIST_FILE = SamsTakeHome/Info.plist;
				LD_RUNPATH_SEARCH_PATHS = (
					"$(inherited)",
					"@executable_path/Frameworks",
				);
				PRODUCT_BUNDLE_IDENTIFIER = mac.SamsTakeHome;
				PRODUCT_NAME = "$(TARGET_NAME)";
				SWIFT_VERSION = 5.0;
				TARGETED_DEVICE_FAMILY = "1,2";
			};
			name = Release;
		};
		7510CC6D24D2F071000FAC69 /* Debug */ = {
			isa = XCBuildConfiguration;
			buildSettings = {
				ALWAYS_EMBED_SWIFT_STANDARD_LIBRARIES = YES;
				BUNDLE_LOADER = "$(TEST_HOST)";
				CODE_SIGN_STYLE = Automatic;
				INFOPLIST_FILE = SamsTakeHomeTests/Info.plist;
				IPHONEOS_DEPLOYMENT_TARGET = 13.2;
				LD_RUNPATH_SEARCH_PATHS = (
					"$(inherited)",
					"@executable_path/Frameworks",
					"@loader_path/Frameworks",
				);
				PRODUCT_BUNDLE_IDENTIFIER = mac.SamsTakeHomeTests;
				PRODUCT_NAME = "$(TARGET_NAME)";
				SWIFT_VERSION = 5.0;
				TARGETED_DEVICE_FAMILY = "1,2";
				TEST_HOST = "$(BUILT_PRODUCTS_DIR)/SamsTakeHome.app/SamsTakeHome";
			};
			name = Debug;
		};
		7510CC6E24D2F071000FAC69 /* Release */ = {
			isa = XCBuildConfiguration;
			buildSettings = {
				ALWAYS_EMBED_SWIFT_STANDARD_LIBRARIES = YES;
				BUNDLE_LOADER = "$(TEST_HOST)";
				CODE_SIGN_STYLE = Automatic;
				INFOPLIST_FILE = SamsTakeHomeTests/Info.plist;
				IPHONEOS_DEPLOYMENT_TARGET = 13.2;
				LD_RUNPATH_SEARCH_PATHS = (
					"$(inherited)",
					"@executable_path/Frameworks",
					"@loader_path/Frameworks",
				);
				PRODUCT_BUNDLE_IDENTIFIER = mac.SamsTakeHomeTests;
				PRODUCT_NAME = "$(TARGET_NAME)";
				SWIFT_VERSION = 5.0;
				TARGETED_DEVICE_FAMILY = "1,2";
				TEST_HOST = "$(BUILT_PRODUCTS_DIR)/SamsTakeHome.app/SamsTakeHome";
			};
			name = Release;
		};
/* End XCBuildConfiguration section */

/* Begin XCConfigurationList section */
		7510CC4524D2F06F000FAC69 /* Build configuration list for PBXProject "SamsTakeHome" */ = {
			isa = XCConfigurationList;
			buildConfigurations = (
				7510CC6724D2F071000FAC69 /* Debug */,
				7510CC6824D2F071000FAC69 /* Release */,
			);
			defaultConfigurationIsVisible = 0;
			defaultConfigurationName = Release;
		};
		7510CC6924D2F071000FAC69 /* Build configuration list for PBXNativeTarget "SamsTakeHome" */ = {
			isa = XCConfigurationList;
			buildConfigurations = (
				7510CC6A24D2F071000FAC69 /* Debug */,
				7510CC6B24D2F071000FAC69 /* Release */,
			);
			defaultConfigurationIsVisible = 0;
			defaultConfigurationName = Release;
		};
		7510CC6C24D2F071000FAC69 /* Build configuration list for PBXNativeTarget "SamsTakeHomeTests" */ = {
			isa = XCConfigurationList;
			buildConfigurations = (
				7510CC6D24D2F071000FAC69 /* Debug */,
				7510CC6E24D2F071000FAC69 /* Release */,
			);
			defaultConfigurationIsVisible = 0;
			defaultConfigurationName = Release;
		};
/* End XCConfigurationList section */
	};
	rootObject = 7510CC4224D2F06F000FAC69 /* Project object */;
}
