// !$*UTF8*$!
{
	archiveVersion = 1;
	classes = {
	};
	objectVersion = 50;
	objects = {

/* Begin PBXBuildFile section */
		7510CC3C24D19817000FAC69 /* APIKEY.swift in Sources */ = {isa = PBXBuildFile; fileRef = 7510CC3B24D19817000FAC69 /* APIKEY.swift */; };
		7510CC3E24D19ADC000FAC69 /* ArticleModel.swift in Sources */ = {isa = PBXBuildFile; fileRef = 7510CC3D24D19ADC000FAC69 /* ArticleModel.swift */; };
		7510CC4024D19D77000FAC69 /* ArticleService.swift in Sources */ = {isa = PBXBuildFile; fileRef = 7510CC3F24D19D77000FAC69 /* ArticleService.swift */; };
		75547BF624D19517004F46B8 /* AppDelegate.swift in Sources */ = {isa = PBXBuildFile; fileRef = 75547BF524D19517004F46B8 /* AppDelegate.swift */; };
		75547BF824D19517004F46B8 /* SceneDelegate.swift in Sources */ = {isa = PBXBuildFile; fileRef = 75547BF724D19517004F46B8 /* SceneDelegate.swift */; };
		75547BFA24D19517004F46B8 /* ViewController.swift in Sources */ = {isa = PBXBuildFile; fileRef = 75547BF924D19517004F46B8 /* ViewController.swift */; };
		75547BFD24D19517004F46B8 /* Main.storyboard in Resources */ = {isa = PBXBuildFile; fileRef = 75547BFB24D19517004F46B8 /* Main.storyboard */; };
		75547BFF24D19519004F46B8 /* Assets.xcassets in Resources */ = {isa = PBXBuildFile; fileRef = 75547BFE24D19519004F46B8 /* Assets.xcassets */; };
		75547C0224D19519004F46B8 /* LaunchScreen.storyboard in Resources */ = {isa = PBXBuildFile; fileRef = 75547C0024D19519004F46B8 /* LaunchScreen.storyboard */; };
		75547C0D24D1951A004F46B8 /* KevAssignmentTests.swift in Sources */ = {isa = PBXBuildFile; fileRef = 75547C0C24D1951A004F46B8 /* KevAssignmentTests.swift */; };
/* End PBXBuildFile section */

/* Begin PBXContainerItemProxy section */
		75547C0924D1951A004F46B8 /* PBXContainerItemProxy */ = {
			isa = PBXContainerItemProxy;
			containerPortal = 75547BEA24D19517004F46B8 /* Project object */;
			proxyType = 1;
			remoteGlobalIDString = 75547BF124D19517004F46B8;
			remoteInfo = KevAssignment;
		};
/* End PBXContainerItemProxy section */

/* Begin PBXFileReference section */
		7510CC3B24D19817000FAC69 /* APIKEY.swift */ = {isa = PBXFileReference; lastKnownFileType = sourcecode.swift; path = APIKEY.swift; sourceTree = "<group>"; };
		7510CC3D24D19ADC000FAC69 /* ArticleModel.swift */ = {isa = PBXFileReference; lastKnownFileType = sourcecode.swift; path = ArticleModel.swift; sourceTree = "<group>"; };
		7510CC3F24D19D77000FAC69 /* ArticleService.swift */ = {isa = PBXFileReference; lastKnownFileType = sourcecode.swift; path = ArticleService.swift; sourceTree = "<group>"; };
		75547BF224D19517004F46B8 /* KevAssignment.app */ = {isa = PBXFileReference; explicitFileType = wrapper.application; includeInIndex = 0; path = KevAssignment.app; sourceTree = BUILT_PRODUCTS_DIR; };
		75547BF524D19517004F46B8 /* AppDelegate.swift */ = {isa = PBXFileReference; lastKnownFileType = sourcecode.swift; path = AppDelegate.swift; sourceTree = "<group>"; };
		75547BF724D19517004F46B8 /* SceneDelegate.swift */ = {isa = PBXFileReference; lastKnownFileType = sourcecode.swift; name = SceneDelegate.swift; path = ../../SceneDelegate.swift; sourceTree = "<group>"; };
		75547BF924D19517004F46B8 /* ViewController.swift */ = {isa = PBXFileReference; lastKnownFileType = sourcecode.swift; path = ViewController.swift; sourceTree = "<group>"; };
		75547BFC24D19517004F46B8 /* Base */ = {isa = PBXFileReference; lastKnownFileType = file.storyboard; name = Base; path = Base.lproj/Main.storyboard; sourceTree = "<group>"; };
		75547BFE24D19519004F46B8 /* Assets.xcassets */ = {isa = PBXFileReference; lastKnownFileType = folder.assetcatalog; path = Assets.xcassets; sourceTree = "<group>"; };
		75547C0124D19519004F46B8 /* Base */ = {isa = PBXFileReference; lastKnownFileType = file.storyboard; name = Base; path = Base.lproj/LaunchScreen.storyboard; sourceTree = "<group>"; };
		75547C0324D19519004F46B8 /* Info.plist */ = {isa = PBXFileReference; lastKnownFileType = text.plist.xml; path = Info.plist; sourceTree = "<group>"; };
		75547C0824D1951A004F46B8 /* KevAssignmentTests.xctest */ = {isa = PBXFileReference; explicitFileType = wrapper.cfbundle; includeInIndex = 0; path = KevAssignmentTests.xctest; sourceTree = BUILT_PRODUCTS_DIR; };
		75547C0C24D1951A004F46B8 /* KevAssignmentTests.swift */ = {isa = PBXFileReference; lastKnownFileType = sourcecode.swift; path = KevAssignmentTests.swift; sourceTree = "<group>"; };
		75547C0E24D1951A004F46B8 /* Info.plist */ = {isa = PBXFileReference; lastKnownFileType = text.plist.xml; path = Info.plist; sourceTree = "<group>"; };
/* End PBXFileReference section */

/* Begin PBXFrameworksBuildPhase section */
		75547BEF24D19517004F46B8 /* Frameworks */ = {
			isa = PBXFrameworksBuildPhase;
			buildActionMask = 2147483647;
			files = (
			);
			runOnlyForDeploymentPostprocessing = 0;
		};
		75547C0524D1951A004F46B8 /* Frameworks */ = {
			isa = PBXFrameworksBuildPhase;
			buildActionMask = 2147483647;
			files = (
			);
			runOnlyForDeploymentPostprocessing = 0;
		};
/* End PBXFrameworksBuildPhase section */

/* Begin PBXGroup section */
		7510CC3824D196CD000FAC69 /* StoryBoard */ = {
			isa = PBXGroup;
			children = (
				75547BFB24D19517004F46B8 /* Main.storyboard */,
				75547C0024D19519004F46B8 /* LaunchScreen.storyboard */,
			);
			path = StoryBoard;
			sourceTree = "<group>";
		};
		7510CC3924D196D8000FAC69 /* Service */ = {
			isa = PBXGroup;
			children = (
				7510CC3B24D19817000FAC69 /* APIKEY.swift */,
				7510CC3F24D19D77000FAC69 /* ArticleService.swift */,
			);
			path = Service;
			sourceTree = "<group>";
		};
		7510CC3A24D196E0000FAC69 /* Model */ = {
			isa = PBXGroup;
			children = (
				7510CC3D24D19ADC000FAC69 /* ArticleModel.swift */,
			);
			path = Model;
			sourceTree = "<group>";
		};
		75547BE924D19517004F46B8 = {
			isa = PBXGroup;
			children = (
				75547BF424D19517004F46B8 /* KevAssignment */,
				75547C0B24D1951A004F46B8 /* KevAssignmentTests */,
				75547BF324D19517004F46B8 /* Products */,
			);
			sourceTree = "<group>";
		};
		75547BF324D19517004F46B8 /* Products */ = {
			isa = PBXGroup;
			children = (
				75547BF224D19517004F46B8 /* KevAssignment.app */,
				75547C0824D1951A004F46B8 /* KevAssignmentTests.xctest */,
			);
			name = Products;
			sourceTree = "<group>";
		};
		75547BF424D19517004F46B8 /* KevAssignment */ = {
			isa = PBXGroup;
			children = (
				7510CC3A24D196E0000FAC69 /* Model */,
				7510CC3924D196D8000FAC69 /* Service */,
				7510CC3824D196CD000FAC69 /* StoryBoard */,
				75547C1824D19600004F46B8 /* View */,
				75547C1724D195F0004F46B8 /* ViewModel */,
				75547C1924D1960F004F46B8 /* ViewControllers */,
				75547C0324D19519004F46B8 /* Info.plist */,
			);
			path = KevAssignment;
			sourceTree = "<group>";
		};
		75547C0B24D1951A004F46B8 /* KevAssignmentTests */ = {
			isa = PBXGroup;
			children = (
				75547C0C24D1951A004F46B8 /* KevAssignmentTests.swift */,
				75547C0E24D1951A004F46B8 /* Info.plist */,
			);
			path = KevAssignmentTests;
			sourceTree = "<group>";
		};
		75547C1724D195F0004F46B8 /* ViewModel */ = {
			isa = PBXGroup;
			children = (
			);
			path = ViewModel;
			sourceTree = "<group>";
		};
		75547C1824D19600004F46B8 /* View */ = {
			isa = PBXGroup;
			children = (
				75547BFE24D19519004F46B8 /* Assets.xcassets */,
				75547BF724D19517004F46B8 /* SceneDelegate.swift */,
				75547BF524D19517004F46B8 /* AppDelegate.swift */,
			);
			name = View;
			path = "New Group/View";
			sourceTree = "<group>";
		};
		75547C1924D1960F004F46B8 /* ViewControllers */ = {
			isa = PBXGroup;
			children = (
				75547BF924D19517004F46B8 /* ViewController.swift */,
			);
			name = ViewControllers;
			path = "New Group/New Group/ViewControllers";
			sourceTree = "<group>";
		};
/* End PBXGroup section */

/* Begin PBXNativeTarget section */
		75547BF124D19517004F46B8 /* KevAssignment */ = {
			isa = PBXNativeTarget;
			buildConfigurationList = 75547C1124D1951A004F46B8 /* Build configuration list for PBXNativeTarget "KevAssignment" */;
			buildPhases = (
				75547BEE24D19517004F46B8 /* Sources */,
				75547BEF24D19517004F46B8 /* Frameworks */,
				75547BF024D19517004F46B8 /* Resources */,
			);
			buildRules = (
			);
			dependencies = (
			);
			name = KevAssignment;
			productName = KevAssignment;
			productReference = 75547BF224D19517004F46B8 /* KevAssignment.app */;
			productType = "com.apple.product-type.application";
		};
		75547C0724D1951A004F46B8 /* KevAssignmentTests */ = {
			isa = PBXNativeTarget;
			buildConfigurationList = 75547C1424D1951A004F46B8 /* Build configuration list for PBXNativeTarget "KevAssignmentTests" */;
			buildPhases = (
				75547C0424D1951A004F46B8 /* Sources */,
				75547C0524D1951A004F46B8 /* Frameworks */,
				75547C0624D1951A004F46B8 /* Resources */,
			);
			buildRules = (
			);
			dependencies = (
				75547C0A24D1951A004F46B8 /* PBXTargetDependency */,
			);
			name = KevAssignmentTests;
			productName = KevAssignmentTests;
			productReference = 75547C0824D1951A004F46B8 /* KevAssignmentTests.xctest */;
			productType = "com.apple.product-type.bundle.unit-test";
		};
/* End PBXNativeTarget section */

/* Begin PBXProject section */
		75547BEA24D19517004F46B8 /* Project object */ = {
			isa = PBXProject;
			attributes = {
				LastSwiftUpdateCheck = 1120;
				LastUpgradeCheck = 1120;
				ORGANIZATIONNAME = Mac;
				TargetAttributes = {
					75547BF124D19517004F46B8 = {
						CreatedOnToolsVersion = 11.2.1;
					};
					75547C0724D1951A004F46B8 = {
						CreatedOnToolsVersion = 11.2.1;
						TestTargetID = 75547BF124D19517004F46B8;
					};
				};
			};
			buildConfigurationList = 75547BED24D19517004F46B8 /* Build configuration list for PBXProject "KevAssignment" */;
			compatibilityVersion = "Xcode 9.3";
			developmentRegion = en;
			hasScannedForEncodings = 0;
			knownRegions = (
				en,
				Base,
			);
			mainGroup = 75547BE924D19517004F46B8;
			productRefGroup = 75547BF324D19517004F46B8 /* Products */;
			projectDirPath = "";
			projectRoot = "";
			targets = (
				75547BF124D19517004F46B8 /* KevAssignment */,
				75547C0724D1951A004F46B8 /* KevAssignmentTests */,
			);
		};
/* End PBXProject section */

/* Begin PBXResourcesBuildPhase section */
		75547BF024D19517004F46B8 /* Resources */ = {
			isa = PBXResourcesBuildPhase;
			buildActionMask = 2147483647;
			files = (
				75547C0224D19519004F46B8 /* LaunchScreen.storyboard in Resources */,
				75547BFF24D19519004F46B8 /* Assets.xcassets in Resources */,
				75547BFD24D19517004F46B8 /* Main.storyboard in Resources */,
			);
			runOnlyForDeploymentPostprocessing = 0;
		};
		75547C0624D1951A004F46B8 /* Resources */ = {
			isa = PBXResourcesBuildPhase;
			buildActionMask = 2147483647;
			files = (
			);
			runOnlyForDeploymentPostprocessing = 0;
		};
/* End PBXResourcesBuildPhase section */

/* Begin PBXSourcesBuildPhase section */
		75547BEE24D19517004F46B8 /* Sources */ = {
			isa = PBXSourcesBuildPhase;
			buildActionMask = 2147483647;
			files = (
				75547BFA24D19517004F46B8 /* ViewController.swift in Sources */,
				7510CC3E24D19ADC000FAC69 /* ArticleModel.swift in Sources */,
				7510CC4024D19D77000FAC69 /* ArticleService.swift in Sources */,
				75547BF624D19517004F46B8 /* AppDelegate.swift in Sources */,
				7510CC3C24D19817000FAC69 /* APIKEY.swift in Sources */,
				75547BF824D19517004F46B8 /* SceneDelegate.swift in Sources */,
			);
			runOnlyForDeploymentPostprocessing = 0;
		};
		75547C0424D1951A004F46B8 /* Sources */ = {
			isa = PBXSourcesBuildPhase;
			buildActionMask = 2147483647;
			files = (
				75547C0D24D1951A004F46B8 /* KevAssignmentTests.swift in Sources */,
			);
			runOnlyForDeploymentPostprocessing = 0;
		};
/* End PBXSourcesBuildPhase section */

/* Begin PBXTargetDependency section */
		75547C0A24D1951A004F46B8 /* PBXTargetDependency */ = {
			isa = PBXTargetDependency;
			target = 75547BF124D19517004F46B8 /* KevAssignment */;
			targetProxy = 75547C0924D1951A004F46B8 /* PBXContainerItemProxy */;
		};
/* End PBXTargetDependency section */

/* Begin PBXVariantGroup section */
		75547BFB24D19517004F46B8 /* Main.storyboard */ = {
			isa = PBXVariantGroup;
			children = (
				75547BFC24D19517004F46B8 /* Base */,
			);
			name = Main.storyboard;
			sourceTree = "<group>";
		};
		75547C0024D19519004F46B8 /* LaunchScreen.storyboard */ = {
			isa = PBXVariantGroup;
			children = (
				75547C0124D19519004F46B8 /* Base */,
			);
			name = LaunchScreen.storyboard;
			sourceTree = "<group>";
		};
/* End PBXVariantGroup section */

/* Begin XCBuildConfiguration section */
		75547C0F24D1951A004F46B8 /* Debug */ = {
			isa = XCBuildConfiguration;
			buildSettings = {
				ALWAYS_SEARCH_USER_PATHS = NO;
				CLANG_ANALYZER_NONNULL = YES;
				CLANG_ANALYZER_NUMBER_OBJECT_CONVERSION = YES_AGGRESSIVE;
				CLANG_CXX_LANGUAGE_STANDARD = "gnu++14";
				CLANG_CXX_LIBRARY = "libc++";
				CLANG_ENABLE_MODULES = YES;
				CLANG_ENABLE_OBJC_ARC = YES;
				CLANG_ENABLE_OBJC_WEAK = YES;
				CLANG_WARN_BLOCK_CAPTURE_AUTORELEASING = YES;
				CLANG_WARN_BOOL_CONVERSION = YES;
				CLANG_WARN_COMMA = YES;
				CLANG_WARN_CONSTANT_CONVERSION = YES;
				CLANG_WARN_DEPRECATED_OBJC_IMPLEMENTATIONS = YES;
				CLANG_WARN_DIRECT_OBJC_ISA_USAGE = YES_ERROR;
				CLANG_WARN_DOCUMENTATION_COMMENTS = YES;
				CLANG_WARN_EMPTY_BODY = YES;
				CLANG_WARN_ENUM_CONVERSION = YES;
				CLANG_WARN_INFINITE_RECURSION = YES;
				CLANG_WARN_INT_CONVERSION = YES;
				CLANG_WARN_NON_LITERAL_NULL_CONVERSION = YES;
				CLANG_WARN_OBJC_IMPLICIT_RETAIN_SELF = YES;
				CLANG_WARN_OBJC_LITERAL_CONVERSION = YES;
				CLANG_WARN_OBJC_ROOT_CLASS = YES_ERROR;
				CLANG_WARN_RANGE_LOOP_ANALYSIS = YES;
				CLANG_WARN_STRICT_PROTOTYPES = YES;
				CLANG_WARN_SUSPICIOUS_MOVE = YES;
				CLANG_WARN_UNGUARDED_AVAILABILITY = YES_AGGRESSIVE;
				CLANG_WARN_UNREACHABLE_CODE = YES;
				CLANG_WARN__DUPLICATE_METHOD_MATCH = YES;
				COPY_PHASE_STRIP = NO;
				DEBUG_INFORMATION_FORMAT = dwarf;
				ENABLE_STRICT_OBJC_MSGSEND = YES;
				ENABLE_TESTABILITY = YES;
				GCC_C_LANGUAGE_STANDARD = gnu11;
				GCC_DYNAMIC_NO_PIC = NO;
				GCC_NO_COMMON_BLOCKS = YES;
				GCC_OPTIMIZATION_LEVEL = 0;
				GCC_PREPROCESSOR_DEFINITIONS = (
					"DEBUG=1",
					"$(inherited)",
				);
				GCC_WARN_64_TO_32_BIT_CONVERSION = YES;
				GCC_WARN_ABOUT_RETURN_TYPE = YES_ERROR;
				GCC_WARN_UNDECLARED_SELECTOR = YES;
				GCC_WARN_UNINITIALIZED_AUTOS = YES_AGGRESSIVE;
				GCC_WARN_UNUSED_FUNCTION = YES;
				GCC_WARN_UNUSED_VARIABLE = YES;
				IPHONEOS_DEPLOYMENT_TARGET = 13.0;
				MTL_ENABLE_DEBUG_INFO = INCLUDE_SOURCE;
				MTL_FAST_MATH = YES;
				ONLY_ACTIVE_ARCH = YES;
				SDKROOT = iphoneos;
				SWIFT_ACTIVE_COMPILATION_CONDITIONS = DEBUG;
				SWIFT_OPTIMIZATION_LEVEL = "-Onone";
			};
			name = Debug;
		};
		75547C1024D1951A004F46B8 /* Release */ = {
			isa = XCBuildConfiguration;
			buildSettings = {
				ALWAYS_SEARCH_USER_PATHS = NO;
				CLANG_ANALYZER_NONNULL = YES;
				CLANG_ANALYZER_NUMBER_OBJECT_CONVERSION = YES_AGGRESSIVE;
				CLANG_CXX_LANGUAGE_STANDARD = "gnu++14";
				CLANG_CXX_LIBRARY = "libc++";
				CLANG_ENABLE_MODULES = YES;
				CLANG_ENABLE_OBJC_ARC = YES;
				CLANG_ENABLE_OBJC_WEAK = YES;
				CLANG_WARN_BLOCK_CAPTURE_AUTORELEASING = YES;
				CLANG_WARN_BOOL_CONVERSION = YES;
				CLANG_WARN_COMMA = YES;
				CLANG_WARN_CONSTANT_CONVERSION = YES;
				CLANG_WARN_DEPRECATED_OBJC_IMPLEMENTATIONS = YES;
				CLANG_WARN_DIRECT_OBJC_ISA_USAGE = YES_ERROR;
				CLANG_WARN_DOCUMENTATION_COMMENTS = YES;
				CLANG_WARN_EMPTY_BODY = YES;
				CLANG_WARN_ENUM_CONVERSION = YES;
				CLANG_WARN_INFINITE_RECURSION = YES;
				CLANG_WARN_INT_CONVERSION = YES;
				CLANG_WARN_NON_LITERAL_NULL_CONVERSION = YES;
				CLANG_WARN_OBJC_IMPLICIT_RETAIN_SELF = YES;
				CLANG_WARN_OBJC_LITERAL_CONVERSION = YES;
				CLANG_WARN_OBJC_ROOT_CLASS = YES_ERROR;
				CLANG_WARN_RANGE_LOOP_ANALYSIS = YES;
				CLANG_WARN_STRICT_PROTOTYPES = YES;
				CLANG_WARN_SUSPICIOUS_MOVE = YES;
				CLANG_WARN_UNGUARDED_AVAILABILITY = YES_AGGRESSIVE;
				CLANG_WARN_UNREACHABLE_CODE = YES;
				CLANG_WARN__DUPLICATE_METHOD_MATCH = YES;
				COPY_PHASE_STRIP = NO;
				DEBUG_INFORMATION_FORMAT = "dwarf-with-dsym";
				ENABLE_NS_ASSERTIONS = NO;
				ENABLE_STRICT_OBJC_MSGSEND = YES;
				GCC_C_LANGUAGE_STANDARD = gnu11;
				GCC_NO_COMMON_BLOCKS = YES;
				GCC_WARN_64_TO_32_BIT_CONVERSION = YES;
				GCC_WARN_ABOUT_RETURN_TYPE = YES_ERROR;
				GCC_WARN_UNDECLARED_SELECTOR = YES;
				GCC_WARN_UNINITIALIZED_AUTOS = YES_AGGRESSIVE;
				GCC_WARN_UNUSED_FUNCTION = YES;
				GCC_WARN_UNUSED_VARIABLE = YES;
				IPHONEOS_DEPLOYMENT_TARGET = 13.0;
				MTL_ENABLE_DEBUG_INFO = NO;
				MTL_FAST_MATH = YES;
				SDKROOT = iphoneos;
				SWIFT_COMPILATION_MODE = wholemodule;
				SWIFT_OPTIMIZATION_LEVEL = "-O";
				VALIDATE_PRODUCT = YES;
			};
			name = Release;
		};
		75547C1224D1951A004F46B8 /* Debug */ = {
			isa = XCBuildConfiguration;
			buildSettings = {
				ASSETCATALOG_COMPILER_APPICON_NAME = AppIcon;
				CODE_SIGN_IDENTITY = "Apple Development";
				CODE_SIGN_STYLE = Automatic;
				DEVELOPMENT_TEAM = "";
				INFOPLIST_FILE = KevAssignment/Info.plist;
				LD_RUNPATH_SEARCH_PATHS = (
					"$(inherited)",
					"@executable_path/Frameworks",
				);
				PRODUCT_BUNDLE_IDENTIFIER = mac.KevAssignment;
				PRODUCT_NAME = "$(TARGET_NAME)";
				PROVISIONING_PROFILE_SPECIFIER = "";
				SWIFT_VERSION = 5.0;
				TARGETED_DEVICE_FAMILY = "1,2";
			};
			name = Debug;
		};
		75547C1324D1951A004F46B8 /* Release */ = {
			isa = XCBuildConfiguration;
			buildSettings = {
				ASSETCATALOG_COMPILER_APPICON_NAME = AppIcon;
				CODE_SIGN_IDENTITY = "Apple Development";
				CODE_SIGN_STYLE = Automatic;
				DEVELOPMENT_TEAM = "";
				INFOPLIST_FILE = KevAssignment/Info.plist;
				LD_RUNPATH_SEARCH_PATHS = (
					"$(inherited)",
					"@executable_path/Frameworks",
				);
				PRODUCT_BUNDLE_IDENTIFIER = mac.KevAssignment;
				PRODUCT_NAME = "$(TARGET_NAME)";
				PROVISIONING_PROFILE_SPECIFIER = "";
				SWIFT_VERSION = 5.0;
				TARGETED_DEVICE_FAMILY = "1,2";
			};
			name = Release;
		};
		75547C1524D1951A004F46B8 /* Debug */ = {
			isa = XCBuildConfiguration;
			buildSettings = {
				ALWAYS_EMBED_SWIFT_STANDARD_LIBRARIES = YES;
				BUNDLE_LOADER = "$(TEST_HOST)";
				CODE_SIGN_STYLE = Automatic;
				INFOPLIST_FILE = KevAssignmentTests/Info.plist;
				IPHONEOS_DEPLOYMENT_TARGET = 13.2;
				LD_RUNPATH_SEARCH_PATHS = (
					"$(inherited)",
					"@executable_path/Frameworks",
					"@loader_path/Frameworks",
				);
				PRODUCT_BUNDLE_IDENTIFIER = mac.KevAssignmentTests;
				PRODUCT_NAME = "$(TARGET_NAME)";
				SWIFT_VERSION = 5.0;
				TARGETED_DEVICE_FAMILY = "1,2";
				TEST_HOST = "$(BUILT_PRODUCTS_DIR)/KevAssignment.app/KevAssignment";
			};
			name = Debug;
		};
		75547C1624D1951A004F46B8 /* Release */ = {
			isa = XCBuildConfiguration;
			buildSettings = {
				ALWAYS_EMBED_SWIFT_STANDARD_LIBRARIES = YES;
				BUNDLE_LOADER = "$(TEST_HOST)";
				CODE_SIGN_STYLE = Automatic;
				INFOPLIST_FILE = KevAssignmentTests/Info.plist;
				IPHONEOS_DEPLOYMENT_TARGET = 13.2;
				LD_RUNPATH_SEARCH_PATHS = (
					"$(inherited)",
					"@executable_path/Frameworks",
					"@loader_path/Frameworks",
				);
				PRODUCT_BUNDLE_IDENTIFIER = mac.KevAssignmentTests;
				PRODUCT_NAME = "$(TARGET_NAME)";
				SWIFT_VERSION = 5.0;
				TARGETED_DEVICE_FAMILY = "1,2";
				TEST_HOST = "$(BUILT_PRODUCTS_DIR)/KevAssignment.app/KevAssignment";
			};
			name = Release;
		};
/* End XCBuildConfiguration section */

/* Begin XCConfigurationList section */
		75547BED24D19517004F46B8 /* Build configuration list for PBXProject "KevAssignment" */ = {
			isa = XCConfigurationList;
			buildConfigurations = (
				75547C0F24D1951A004F46B8 /* Debug */,
				75547C1024D1951A004F46B8 /* Release */,
			);
			defaultConfigurationIsVisible = 0;
			defaultConfigurationName = Release;
		};
		75547C1124D1951A004F46B8 /* Build configuration list for PBXNativeTarget "KevAssignment" */ = {
			isa = XCConfigurationList;
			buildConfigurations = (
				75547C1224D1951A004F46B8 /* Debug */,
				75547C1324D1951A004F46B8 /* Release */,
			);
			defaultConfigurationIsVisible = 0;
			defaultConfigurationName = Release;
		};
		75547C1424D1951A004F46B8 /* Build configuration list for PBXNativeTarget "KevAssignmentTests" */ = {
			isa = XCConfigurationList;
			buildConfigurations = (
				75547C1524D1951A004F46B8 /* Debug */,
				75547C1624D1951A004F46B8 /* Release */,
			);
			defaultConfigurationIsVisible = 0;
			defaultConfigurationName = Release;
		};
/* End XCConfigurationList section */
	};
	rootObject = 75547BEA24D19517004F46B8 /* Project object */;
}
